
Microsoft Visual Studio Solution File, Format Version 12.00
# Visual Studio Version 17
VisualStudioVersion = 17.14.36327.8 d17.14
MinimumVisualStudioVersion = 10.0.40219.1
Project("{FAE04EC0-301F-11D3-BF4B-00C04F79EFBC}") = "GESTION-LTIPN", "GESTION-LTIPN.csproj", "{FBC86F52-71C9-47A3-88D5-059A480227B6}"
EndProject
Global
	GlobalSection(SolutionConfigurationPlatforms) = preSolution
		Debug|Any CPU = Debug|Any CPU
		Release|Any CPU = Release|Any CPU
	EndGlobalSection
	GlobalSection(ProjectConfigurationPlatforms) = postSolution
		{FBC86F52-71C9-47A3-88D5-059A480227B6}.Debug|Any CPU.ActiveCfg = Debug|Any CPU
		{FBC86F52-71C9-47A3-88D5-059A480227B6}.Debug|Any CPU.Build.0 = Debug|Any CPU
		{FBC86F52-71C9-47A3-88D5-059A480227B6}.Release|Any CPU.ActiveCfg = Release|Any CPU
		{FBC86F52-71C9-47A3-88D5-059A480227B6}.Release|Any CPU.Build.0 = Release|Any CPU
	EndGlobalSection
	GlobalSection(SolutionProperties) = preSolution
		HideSolutionNode = FALSE
	EndGlobalSection
	GlobalSection(ExtensibilityGlobals) = postSolution
		SolutionGuid = {9BD0F185-8D5A-4248-A159-9B0D41DECE11}
	EndGlobalSection
EndGlobal
